
Microsoft Visual Studio Solution File, Format Version 12.00
# Visual Studio Version 17
VisualStudioVersion = 17.14.36414.22 d17.14
MinimumVisualStudioVersion = 10.0.40219.1
Project("{54A90642-561A-4BB1-A94E-469ADEE60C69}") = "bemplo.client", "bemplo.client\bemplo.client.esproj", "{68B13C77-6912-5680-8DB3-88310C89403B}"
EndProject
Project("{FAE04EC0-301F-11D3-BF4B-00C04F79EFBC}") = "Bemplo.Server", "Bemplo.Server\Bemplo.Server.csproj", "{4DCCFE4D-9550-46D8-908C-DD426EF99B51}"
EndProject
Global
	GlobalSection(SolutionConfigurationPlatforms) = preSolution
		Debug|Any CPU = Debug|Any CPU
		Release|Any CPU = Release|Any CPU
	EndGlobalSection
	GlobalSection(ProjectConfigurationPlatforms) = postSolution
		{68B13C77-6912-5680-8DB3-88310C89403B}.Debug|Any CPU.ActiveCfg = Debug|Any CPU
		{68B13C77-6912-5680-8DB3-88310C89403B}.Debug|Any CPU.Build.0 = Debug|Any CPU
		{68B13C77-6912-5680-8DB3-88310C89403B}.Debug|Any CPU.Deploy.0 = Debug|Any CPU
		{68B13C77-6912-5680-8DB3-88310C89403B}.Release|Any CPU.ActiveCfg = Release|Any CPU
		{68B13C77-6912-5680-8DB3-88310C89403B}.Release|Any CPU.Build.0 = Release|Any CPU
		{68B13C77-6912-5680-8DB3-88310C89403B}.Release|Any CPU.Deploy.0 = Release|Any CPU
		{4DCCFE4D-9550-46D8-908C-DD426EF99B51}.Debug|Any CPU.ActiveCfg = Debug|Any CPU
		{4DCCFE4D-9550-46D8-908C-DD426EF99B51}.Debug|Any CPU.Build.0 = Debug|Any CPU
		{4DCCFE4D-9550-46D8-908C-DD426EF99B51}.Release|Any CPU.ActiveCfg = Release|Any CPU
		{4DCCFE4D-9550-46D8-908C-DD426EF99B51}.Release|Any CPU.Build.0 = Release|Any CPU
	EndGlobalSection
	GlobalSection(SolutionProperties) = preSolution
		HideSolutionNode = FALSE
	EndGlobalSection
	GlobalSection(ExtensibilityGlobals) = postSolution
		SolutionGuid = {5B6C132C-95D7-47EE-9055-E26E018F4068}
	EndGlobalSection
EndGlobal
